# THIS IS AN AUTOGENERATED FILE. DO NOT EDIT THIS FILE DIRECTLY.
# yarn lockfile v1


neo-async@^2.6.2:
  version "2.6.2"
  resolved "https://registry.yarnpkg.com/neo-async/-/neo-async-2.6.2.tgz#b4aafb93e3aeb2d8174ca53cf163ab7d7308305f"
  integrity sha512-Yd3UES5mWCSqR+qNT93S3UoYUkqAZ9lLg8a7g9rimsWmYGK8cVToA4/sF3RrshdyV3sAGMXVUmpMYOw+dLpOuw==

sass-loader@^16.0.2:
  version "16.0.2"
  resolved "https://registry.yarnpkg.com/sass-loader/-/sass-loader-16.0.2.tgz#e581bc13d7cb5090e27f155c6aa2855c08cafe86"
  integrity sha512-Ll6iXZ1EYwYT19SqW4mSBb76vSSi8JgzElmzIerhEGgzB5hRjDQIWsPmuk1UrAXkR16KJHqVY0eH+5/uw9Tmfw==
  dependencies:
    neo-async "^2.6.2"
